<?xml version="1.0" encoding="utf-8"?>
<Project ToolsVersion="4.0" xmlns="http://schemas.microsoft.com/developer/msbuild/2003">
  <ItemGroup>
    <Filter Include="Source Files">
      <UniqueIdentifier>{4FC737F1-C7A5-4376-A066-2A32D752A2FF}</UniqueIdentifier>
      <Extensions>cpp;c;cc;cxx;def;odl;idl;hpj;bat;asm;asmx</Extensions>
    </Filter>
    <Filter Include="Header Files">
      <UniqueIdentifier>{93995380-89BD-4b04-88EB-625FBE52EBFB}</UniqueIdentifier>
      <Extensions>h;hh;hpp;hxx;hm;inl;inc;xsd</Extensions>
    </Filter>
    <Filter Include="Resource Files">
      <UniqueIdentifier>{67DA6AB6-F800-4c08-8B7A-83BB121AAD01}</UniqueIdentifier>
      <Extensions>rc;ico;cur;bmp;dlg;rc2;rct;bin;rgs;gif;jpg;jpeg;jpe;resx;tiff;tif;png;wav;mfcribbon-ms</Extensions>
    </Filter>
  </ItemGroup>
  <ItemGroup>
    <ClCompile Include="LOAD.cpp">
      <Filter>Source Files</Filter>
    </ClCompile>
    <ClCompile Include="LOGIN.cpp">
      <Filter>Source Files</Filter>
    </ClCompile>
    <ClCompile Include="NOVO_LOGIN.cpp">
      <Filter>Source Files</Filter>
    </ClCompile>
    <ClCompile Include="loginConsole.cpp">
      <Filter>Source Files</Filter>
    </ClCompile>
    <ClCompile Include="MENU_PRINCIPAL.cpp">
      <Filter>Source Files</Filter>
    </ClCompile>
    <ClCompile Include="CadastroDadosAlimenticios.cpp">
      <Filter>Source Files</Filter>
    </ClCompile>
    <ClCompile Include="CadastroDadosPerfumaria.cpp">
      <Filter>Source Files</Filter>
    </ClCompile>
    <ClCompile Include="CadastroDadosProdSaude.cpp">
      <Filter>Source Files</Filter>
    </ClCompile>
    <ClCompile Include="CadastroDadosSaneantes.cpp">
      <Filter>Source Files</Filter>
    </ClCompile>
    <ClCompile Include="DATA_BASE_ALIMENTICIOS.cpp">
      <Filter>Source Files</Filter>
    </ClCompile>
    <ClCompile Include="DATA_BASE_CLIENTES.cpp">
      <Filter>Source Files</Filter>
    </ClCompile>
    <ClCompile Include="DATA_BASE_FORNECEDORES.cpp">
      <Filter>Source Files</Filter>
    </ClCompile>
    <ClCompile Include="DATA_BASE_PERFUMARIA.cpp">
      <Filter>Source Files</Filter>
    </ClCompile>
    <ClCompile Include="DATA_BASE_PROD_SAUDE.cpp">
      <Filter>Source Files</Filter>
    </ClCompile>
    <ClCompile Include="DATA_BASE_SANEANTES.cpp">
      <Filter>Source Files</Filter>
    </ClCompile>
    <ClCompile Include="CadastroDadosCLIENTES.cpp">
      <Filter>Source Files</Filter>
    </ClCompile>
    <ClCompile Include="CadastroDadosFornecedores.cpp">
      <Filter>Source Files</Filter>
    </ClCompile>
    <ClCompile Include="CADASTRO_CLIENTES.cpp">
      <Filter>Source Files</Filter>
    </ClCompile>
    <ClCompile Include="CADASTRO_FORNECEDOR.cpp">
      <Filter>Source Files</Filter>
    </ClCompile>
    <ClCompile Include="CADASTRO_ALIMENTOS.cpp">
      <Filter>Source Files</Filter>
    </ClCompile>
    <ClCompile Include="CADASTRO_PRODUTOS_SAUDE.cpp">
      <Filter>Source Files</Filter>
    </ClCompile>
    <ClCompile Include="CADASTRO_PERFUMARIA.cpp">
      <Filter>Source Files</Filter>
    </ClCompile>
    <ClCompile Include="CADASTRO_SANEANTES.cpp">
      <Filter>Source Files</Filter>
    </ClCompile>
    <ClCompile Include="EXIBIR_CLIENTES.cpp">
      <Filter>Source Files</Filter>
    </ClCompile>
    <ClCompile Include="EXIBIR_FORNECEDORES.cpp">
      <Filter>Source Files</Filter>
    </ClCompile>
    <ClCompile Include="EXIBIR_USUARIOS.cpp">
      <Filter>Source Files</Filter>
    </ClCompile>
    <ClCompile Include="VENDAS.cpp">
      <Filter>Source Files</Filter>
    </ClCompile>
    <ClCompile Include="PAGAMENTOS.cpp">
      <Filter>Source Files</Filter>
    </ClCompile>
    <ClCompile Include="PAGTORS.cpp">
      <Filter>Source Files</Filter>
    </ClCompile>
    <ClCompile Include="EXCLUIR_USUARIO.cpp">
      <Filter>Source Files</Filter>
    </ClCompile>
    <ClCompile Include="PESQUISAR_CLIENTE.cpp">
      <Filter>Source Files</Filter>
    </ClCompile>
  </ItemGroup>
  <ItemGroup>
    <ClInclude Include="LOAD.h">
      <Filter>Header Files</Filter>
    </ClInclude>
    <ClInclude Include="LOGIN.h">
      <Filter>Header Files</Filter>
    </ClInclude>
    <ClInclude Include="NOVO_LOGIN.h">
      <Filter>Header Files</Filter>
    </ClInclude>
    <ClInclude Include="BUDEGA.h">
      <Filter>Header Files</Filter>
    </ClInclude>
    <ClInclude Include="BUDEGAGUI.h">
      <Filter>Header Files</Filter>
    </ClInclude>
    <ClInclude Include="loginConsole.h">
      <Filter>Header Files</Filter>
    </ClInclude>
    <ClInclude Include="MENU_PRINCIPAL.h">
      <Filter>Header Files</Filter>
    </ClInclude>
    <ClInclude Include="CadastroDados.h">
      <Filter>Header Files</Filter>
    </ClInclude>
    <ClInclude Include="CADASTRO_CLIENTES.h">
      <Filter>Header Files</Filter>
    </ClInclude>
    <ClInclude Include="CADASTRO_FORNECEDOR.h">
      <Filter>Header Files</Filter>
    </ClInclude>
    <ClInclude Include="CADASTRO_ALIMENTOS.h">
      <Filter>Header Files</Filter>
    </ClInclude>
    <ClInclude Include="CADASTRO_PRODUTOS_SAUDE.h">
      <Filter>Header Files</Filter>
    </ClInclude>
    <ClInclude Include="CADASTRO_PERFUMARIA.h">
      <Filter>Header Files</Filter>
    </ClInclude>
    <ClInclude Include="CADASTRO_SANEANTES.h">
      <Filter>Header Files</Filter>
    </ClInclude>
    <ClInclude Include="EXIBIR_CLIENTES.h">
      <Filter>Header Files</Filter>
    </ClInclude>
    <ClInclude Include="EXIBIR_FORNECEDORES.h">
      <Filter>Header Files</Filter>
    </ClInclude>
    <ClInclude Include="EXIBIR_USUARIOS.h">
      <Filter>Header Files</Filter>
    </ClInclude>
    <ClInclude Include="VENDAS.h">
      <Filter>Header Files</Filter>
    </ClInclude>
    <ClInclude Include="PAGAMENTOS.h">
      <Filter>Header Files</Filter>
    </ClInclude>
    <ClInclude Include="PAGTORS.h">
      <Filter>Header Files</Filter>
    </ClInclude>
    <ClInclude Include="EXCLUIR_USUARIO.h">
      <Filter>Header Files</Filter>
    </ClInclude>
    <ClInclude Include="PESQUISAR_CLIENTE.h">
      <Filter>Header Files</Filter>
    </ClInclude>
  </ItemGroup>
  <ItemGroup>
    <EmbeddedResource Include="CADASTRO_CLIENTES.resx">
      <Filter>Resource Files</Filter>
    </EmbeddedResource>
    <EmbeddedResource Include="CADASTRO_FORNECEDOR.resx">
      <Filter>Resource Files</Filter>
    </EmbeddedResource>
    <EmbeddedResource Include="LOAD.resx">
      <Filter>Resource Files</Filter>
    </EmbeddedResource>
    <EmbeddedResource Include="LOGIN.resx">
      <Filter>Resource Files</Filter>
    </EmbeddedResource>
    <EmbeddedResource Include="MENU_PRINCIPAL.resx">
      <Filter>Resource Files</Filter>
    </EmbeddedResource>
    <EmbeddedResource Include="NOVO_LOGIN.resx">
      <Filter>Resource Files</Filter>
    </EmbeddedResource>
    <EmbeddedResource Include="CADASTRO_ALIMENTOS.resx">
      <Filter>Resource Files</Filter>
    </EmbeddedResource>
    <EmbeddedResource Include="CADASTRO_PERFUMARIA.resx">
      <Filter>Resource Files</Filter>
    </EmbeddedResource>
    <EmbeddedResource Include="CADASTRO_PRODUTOS_SAUDE.resx">
      <Filter>Resource Files</Filter>
    </EmbeddedResource>
    <EmbeddedResource Include="CADASTRO_SANEANTES.resx">
      <Filter>Resource Files</Filter>
    </EmbeddedResource>
    <EmbeddedResource Include="EXIBIR_CLIENTES.resx">
      <Filter>Resource Files</Filter>
    </EmbeddedResource>
    <EmbeddedResource Include="EXIBIR_FORNECEDORES.resx">
      <Filter>Resource Files</Filter>
    </EmbeddedResource>
    <EmbeddedResource Include="EXIBIR_USUARIOS.resx">
      <Filter>Resource Files</Filter>
    </EmbeddedResource>
    <EmbeddedResource Include="VENDAS.resx">
      <Filter>Resource Files</Filter>
    </EmbeddedResource>
  </ItemGroup>
</Project>